
Microsoft Visual Studio Solution File, Format Version 12.00
# Visual Studio Version 17
VisualStudioVersion = 17.3.32929.385
MinimumVisualStudioVersion = 10.0.40219.1
Project("{FAE04EC0-301F-11D3-BF4B-00C04F79EFBC}") = "работа 2.1", "работа 2.1\работа 2.1.csproj", "{4AC43997-2FAA-4F95-976F-A9C1C1841617}"
EndProject
Global
	GlobalSection(SolutionConfigurationPlatforms) = preSolution
		Debug|Any CPU = Debug|Any CPU
		Release|Any CPU = Release|Any CPU
	EndGlobalSection
	GlobalSection(ProjectConfigurationPlatforms) = postSolution
		{4AC43997-2FAA-4F95-976F-A9C1C1841617}.Debug|Any CPU.ActiveCfg = Debug|Any CPU
		{4AC43997-2FAA-4F95-976F-A9C1C1841617}.Debug|Any CPU.Build.0 = Debug|Any CPU
		{4AC43997-2FAA-4F95-976F-A9C1C1841617}.Release|Any CPU.ActiveCfg = Release|Any CPU
		{4AC43997-2FAA-4F95-976F-A9C1C1841617}.Release|Any CPU.Build.0 = Release|Any CPU
	EndGlobalSection
	GlobalSection(SolutionProperties) = preSolution
		HideSolutionNode = FALSE
	EndGlobalSection
	GlobalSection(ExtensibilityGlobals) = postSolution
		SolutionGuid = {95D01F86-0546-473E-974E-9C4133FB1DB4}
	EndGlobalSection
EndGlobal
